github.com/glacjay/goini v0.0.0-20161120062552-fd3024d87ee2 h1:+SEORW3KptcFnlhTbn7N0drG3AFnrcmBDWDyQ3Bt06o=
github.com/glacjay/goini v0.0.0-20161120062552-fd3024d87ee2/go.mod h1:1vW2LGZb8uLSqmYBOdxvhiwATuLtmyUTMezM3cHrIHQ=
github.com/rakyll/globalconf v0.0.0-20180912185831-87f8127c421f h1:mVzXRrAR2ipnx3pWDsbWz9Y7+EC+I96EBellUayAyBU=
github.com/rakyll/globalconf v0.0.0-20180912185831-87f8127c421f/go.mod h1:lvWGGAzNhA3ux6f0tkwQ94lLT69Nj/wTRg9781V7M3M=
gopkg.in/check.v1 v0.0.0-20161208181325-20d25e280405 h1:yhCVgyC4o1eVCa2tZl7eS0r+SDo693bJlVdllGtEeKM=
gopkg.in/check.v1 v0.0.0-20161208181325-20d25e280405/go.mod h1:Co6ibVJAznAaIkqp8huTwlJQCZ016jof/cbN4VW5Yz0=
gopkg.in/yaml.v2 v2.4.0 h1:D8xgwECY7CYvx+Y2n4sBz93Jn9JRvxdiyyo8CTfuKaY=
gopkg.in/yaml.v2 v2.4.0/go.mod h1:RDklbk79AGWmwhnvt/jBztapEOGDOx6ZbXqjP6csGnQ=
